// !$*UTF8*$!
{
	archiveVersion = 1;
	classes = {
	};
	objectVersion = 55;
	objects = {

/* Begin PBXBuildFile section */
		6FBB3ECA281D323C00AD67C9 /* bookTableViewController.swift in Sources */ = {isa = PBXBuildFile; fileRef = 6FBB3EC9281D323C00AD67C9 /* bookTableViewController.swift */; };
		F41A827E2816CE6100E56AE5 /* AppDelegate.swift in Sources */ = {isa = PBXBuildFile; fileRef = F41A827D2816CE6100E56AE5 /* AppDelegate.swift */; };
		F41A82802816CE6100E56AE5 /* SceneDelegate.swift in Sources */ = {isa = PBXBuildFile; fileRef = F41A827F2816CE6100E56AE5 /* SceneDelegate.swift */; };
		F41A82822816CE6100E56AE5 /* ViewController.swift in Sources */ = {isa = PBXBuildFile; fileRef = F41A82812816CE6100E56AE5 /* ViewController.swift */; };
		F41A82852816CE6100E56AE5 /* Main.storyboard in Resources */ = {isa = PBXBuildFile; fileRef = F41A82832816CE6100E56AE5 /* Main.storyboard */; };
		F41A82872816CE6200E56AE5 /* Assets.xcassets in Resources */ = {isa = PBXBuildFile; fileRef = F41A82862816CE6200E56AE5 /* Assets.xcassets */; };
		F41A828A2816CE6200E56AE5 /* LaunchScreen.storyboard in Resources */ = {isa = PBXBuildFile; fileRef = F41A82882816CE6200E56AE5 /* LaunchScreen.storyboard */; };
		F41E93D228196DBB00DAC8C1 /* User.storyboard in Resources */ = {isa = PBXBuildFile; fileRef = F41E93D128196DBB00DAC8C1 /* User.storyboard */; };
		F41E93D428196DDE00DAC8C1 /* UserViewController.swift in Sources */ = {isa = PBXBuildFile; fileRef = F41E93D328196DDE00DAC8C1 /* UserViewController.swift */; };
		F41E93DA28196E2800DAC8C1 /* UserLoginViewController.swift in Sources */ = {isa = PBXBuildFile; fileRef = F41E93D628196E2800DAC8C1 /* UserLoginViewController.swift */; };
		F41E93DB28196E2800DAC8C1 /* UserRegisterViewController.swift in Sources */ = {isa = PBXBuildFile; fileRef = F41E93D728196E2800DAC8C1 /* UserRegisterViewController.swift */; };
		F4345479281FA5E60089DFA5 /* BookDetailViewController.swift in Sources */ = {isa = PBXBuildFile; fileRef = F4345478281FA5E60089DFA5 /* BookDetailViewController.swift */; };
		F45A65DD2817D0E200E0828D /* SQLiteManager.swift in Sources */ = {isa = PBXBuildFile; fileRef = F45A65DC2817D0E200E0828D /* SQLiteManager.swift */; };
		F45A65E22817D65400E0828D /* DBtools.swift in Sources */ = {isa = PBXBuildFile; fileRef = F45A65E12817D65400E0828D /* DBtools.swift */; };
		F4889022281F937900669DB4 /* CategoryTableViewController.swift in Sources */ = {isa = PBXBuildFile; fileRef = F4889021281F937900669DB4 /* CategoryTableViewController.swift */; };
		F49B3760281C3B290026249E /* BookTableViewCell.swift in Sources */ = {isa = PBXBuildFile; fileRef = F49B375E281C3B290026249E /* BookTableViewCell.swift */; };
		F49B3761281C3B290026249E /* BookTableViewCell.xib in Resources */ = {isa = PBXBuildFile; fileRef = F49B375F281C3B290026249E /* BookTableViewCell.xib */; };
		F49D36C8281E418C00B3CB19 /* getBooksFromURL.swift in Sources */ = {isa = PBXBuildFile; fileRef = F49D36C7281E418C00B3CB19 /* getBooksFromURL.swift */; };
/* End PBXBuildFile section */

/* Begin PBXFileReference section */
		6FBB3EC9281D323C00AD67C9 /* bookTableViewController.swift */ = {isa = PBXFileReference; lastKnownFileType = sourcecode.swift; path = bookTableViewController.swift; sourceTree = "<group>"; };
		F41A827A2816CE6100E56AE5 /* BookOrder.app */ = {isa = PBXFileReference; explicitFileType = wrapper.application; includeInIndex = 0; path = BookOrder.app; sourceTree = BUILT_PRODUCTS_DIR; };
		F41A827D2816CE6100E56AE5 /* AppDelegate.swift */ = {isa = PBXFileReference; lastKnownFileType = sourcecode.swift; path = AppDelegate.swift; sourceTree = "<group>"; };
		F41A827F2816CE6100E56AE5 /* SceneDelegate.swift */ = {isa = PBXFileReference; lastKnownFileType = sourcecode.swift; path = SceneDelegate.swift; sourceTree = "<group>"; };
		F41A82812816CE6100E56AE5 /* ViewController.swift */ = {isa = PBXFileReference; lastKnownFileType = sourcecode.swift; path = ViewController.swift; sourceTree = "<group>"; };
		F41A82842816CE6100E56AE5 /* Base */ = {isa = PBXFileReference; lastKnownFileType = file.storyboard; name = Base; path = Base.lproj/Main.storyboard; sourceTree = "<group>"; };
		F41A82862816CE6200E56AE5 /* Assets.xcassets */ = {isa = PBXFileReference; lastKnownFileType = folder.assetcatalog; path = Assets.xcassets; sourceTree = "<group>"; };
		F41A82892816CE6200E56AE5 /* Base */ = {isa = PBXFileReference; lastKnownFileType = file.storyboard; name = Base; path = Base.lproj/LaunchScreen.storyboard; sourceTree = "<group>"; };
		F41A828B2816CE6200E56AE5 /* Info.plist */ = {isa = PBXFileReference; lastKnownFileType = text.plist.xml; path = Info.plist; sourceTree = "<group>"; };
		F41E93D128196DBB00DAC8C1 /* User.storyboard */ = {isa = PBXFileReference; fileEncoding = 4; lastKnownFileType = file.storyboard; path = User.storyboard; sourceTree = "<group>"; };
		F41E93D328196DDE00DAC8C1 /* UserViewController.swift */ = {isa = PBXFileReference; fileEncoding = 4; lastKnownFileType = sourcecode.swift; path = UserViewController.swift; sourceTree = "<group>"; };
		F41E93D628196E2800DAC8C1 /* UserLoginViewController.swift */ = {isa = PBXFileReference; fileEncoding = 4; lastKnownFileType = sourcecode.swift; path = UserLoginViewController.swift; sourceTree = "<group>"; };
		F41E93D728196E2800DAC8C1 /* UserRegisterViewController.swift */ = {isa = PBXFileReference; fileEncoding = 4; lastKnownFileType = sourcecode.swift; path = UserRegisterViewController.swift; sourceTree = "<group>"; };
		F4345478281FA5E60089DFA5 /* BookDetailViewController.swift */ = {isa = PBXFileReference; lastKnownFileType = sourcecode.swift; path = BookDetailViewController.swift; sourceTree = "<group>"; };
		F45A65DC2817D0E200E0828D /* SQLiteManager.swift */ = {isa = PBXFileReference; fileEncoding = 4; lastKnownFileType = sourcecode.swift; path = SQLiteManager.swift; sourceTree = "<group>"; };
		F45A65DE2817D10F00E0828D /* BookOrder-Bridging-Header.h */ = {isa = PBXFileReference; lastKnownFileType = sourcecode.c.h; path = "BookOrder-Bridging-Header.h"; sourceTree = "<group>"; };
		F45A65E12817D65400E0828D /* DBtools.swift */ = {isa = PBXFileReference; lastKnownFileType = sourcecode.swift; path = DBtools.swift; sourceTree = "<group>"; };
		F4889021281F937900669DB4 /* CategoryTableViewController.swift */ = {isa = PBXFileReference; lastKnownFileType = sourcecode.swift; path = CategoryTableViewController.swift; sourceTree = "<group>"; };
		F49B375E281C3B290026249E /* BookTableViewCell.swift */ = {isa = PBXFileReference; lastKnownFileType = sourcecode.swift; path = BookTableViewCell.swift; sourceTree = "<group>"; };
		F49B375F281C3B290026249E /* BookTableViewCell.xib */ = {isa = PBXFileReference; lastKnownFileType = file.xib; path = BookTableViewCell.xib; sourceTree = "<group>"; };
		F49D36C7281E418C00B3CB19 /* getBooksFromURL.swift */ = {isa = PBXFileReference; lastKnownFileType = sourcecode.swift; path = getBooksFromURL.swift; sourceTree = "<group>"; };
/* End PBXFileReference section */

/* Begin PBXFrameworksBuildPhase section */
		F41A82772816CE6100E56AE5 /* Frameworks */ = {
			isa = PBXFrameworksBuildPhase;
			buildActionMask = 2147483647;
			files = (
			);
			runOnlyForDeploymentPostprocessing = 0;
		};
/* End PBXFrameworksBuildPhase section */

/* Begin PBXGroup section */
		F41A82712816CE6100E56AE5 = {
			isa = PBXGroup;
			children = (
				F41A827C2816CE6100E56AE5 /* BookOrder */,
				F41A827B2816CE6100E56AE5 /* Products */,
			);
			sourceTree = "<group>";
		};
		F41A827B2816CE6100E56AE5 /* Products */ = {
			isa = PBXGroup;
			children = (
				F41A827A2816CE6100E56AE5 /* BookOrder.app */,
			);
			name = Products;
			sourceTree = "<group>";
		};
		F41A827C2816CE6100E56AE5 /* BookOrder */ = {
			isa = PBXGroup;
			children = (
				F41A827D2816CE6100E56AE5 /* AppDelegate.swift */,
				F45A65DC2817D0E200E0828D /* SQLiteManager.swift */,
				F41A827F2816CE6100E56AE5 /* SceneDelegate.swift */,
				F41A82812816CE6100E56AE5 /* ViewController.swift */,
				F41E93D128196DBB00DAC8C1 /* User.storyboard */,
				F41E93D328196DDE00DAC8C1 /* UserViewController.swift */,
				F41A82832816CE6100E56AE5 /* Main.storyboard */,
				F41E93D628196E2800DAC8C1 /* UserLoginViewController.swift */,
				F41E93D728196E2800DAC8C1 /* UserRegisterViewController.swift */,
				F41A82862816CE6200E56AE5 /* Assets.xcassets */,
				F41A82882816CE6200E56AE5 /* LaunchScreen.storyboard */,
				F41A828B2816CE6200E56AE5 /* Info.plist */,
				F45A65DE2817D10F00E0828D /* BookOrder-Bridging-Header.h */,
				F45A65E12817D65400E0828D /* DBtools.swift */,
				F49B375E281C3B290026249E /* BookTableViewCell.swift */,
				F49B375F281C3B290026249E /* BookTableViewCell.xib */,
				6FBB3EC9281D323C00AD67C9 /* bookTableViewController.swift */,
				F49D36C7281E418C00B3CB19 /* getBooksFromURL.swift */,
				F4889021281F937900669DB4 /* CategoryTableViewController.swift */,
				F4345478281FA5E60089DFA5 /* BookDetailViewController.swift */,
			);
			path = BookOrder;
			sourceTree = "<group>";
		};
/* End PBXGroup section */

/* Begin PBXNativeTarget section */
		F41A82792816CE6100E56AE5 /* BookOrder */ = {
			isa = PBXNativeTarget;
			buildConfigurationList = F41A828E2816CE6200E56AE5 /* Build configuration list for PBXNativeTarget "BookOrder" */;
			buildPhases = (
				F41A82762816CE6100E56AE5 /* Sources */,
				F41A82772816CE6100E56AE5 /* Frameworks */,
				F41A82782816CE6100E56AE5 /* Resources */,
			);
			buildRules = (
			);
			dependencies = (
			);
			name = BookOrder;
			productName = BookOrder;
			productReference = F41A827A2816CE6100E56AE5 /* BookOrder.app */;
			productType = "com.apple.product-type.application";
		};
/* End PBXNativeTarget section */

/* Begin PBXProject section */
		F41A82722816CE6100E56AE5 /* Project object */ = {
			isa = PBXProject;
			attributes = {
				BuildIndependentTargetsInParallel = 1;
				LastSwiftUpdateCheck = 1320;
				LastUpgradeCheck = 1320;
				TargetAttributes = {
					F41A82792816CE6100E56AE5 = {
						CreatedOnToolsVersion = 13.2.1;
						LastSwiftMigration = 1320;
					};
				};
			};
			buildConfigurationList = F41A82752816CE6100E56AE5 /* Build configuration list for PBXProject "BookOrder" */;
			compatibilityVersion = "Xcode 13.0";
			developmentRegion = en;
			hasScannedForEncodings = 0;
			knownRegions = (
				en,
				Base,
			);
			mainGroup = F41A82712816CE6100E56AE5;
			productRefGroup = F41A827B2816CE6100E56AE5 /* Products */;
			projectDirPath = "";
			projectRoot = "";
			targets = (
				F41A82792816CE6100E56AE5 /* BookOrder */,
			);
		};
/* End PBXProject section */

/* Begin PBXResourcesBuildPhase section */
		F41A82782816CE6100E56AE5 /* Resources */ = {
			isa = PBXResourcesBuildPhase;
			buildActionMask = 2147483647;
			files = (
				F41A828A2816CE6200E56AE5 /* LaunchScreen.storyboard in Resources */,
				F41E93D228196DBB00DAC8C1 /* User.storyboard in Resources */,
				F41A82872816CE6200E56AE5 /* Assets.xcassets in Resources */,
				F41A82852816CE6100E56AE5 /* Main.storyboard in Resources */,
				F49B3761281C3B290026249E /* BookTableViewCell.xib in Resources */,
			);
			runOnlyForDeploymentPostprocessing = 0;
		};
/* End PBXResourcesBuildPhase section */

/* Begin PBXSourcesBuildPhase section */
		F41A82762816CE6100E56AE5 /* Sources */ = {
			isa = PBXSourcesBuildPhase;
			buildActionMask = 2147483647;
			files = (
				F41A82822816CE6100E56AE5 /* ViewController.swift in Sources */,
				F41E93D428196DDE00DAC8C1 /* UserViewController.swift in Sources */,
				6FBB3ECA281D323C00AD67C9 /* bookTableViewController.swift in Sources */,
				F4345479281FA5E60089DFA5 /* BookDetailViewController.swift in Sources */,
				F45A65E22817D65400E0828D /* DBtools.swift in Sources */,
				F41A827E2816CE6100E56AE5 /* AppDelegate.swift in Sources */,
				F49B3760281C3B290026249E /* BookTableViewCell.swift in Sources */,
				F41A82802816CE6100E56AE5 /* SceneDelegate.swift in Sources */,
				F49D36C8281E418C00B3CB19 /* getBooksFromURL.swift in Sources */,
				F45A65DD2817D0E200E0828D /* SQLiteManager.swift in Sources */,
				F41E93DB28196E2800DAC8C1 /* UserRegisterViewController.swift in Sources */,
				F41E93DA28196E2800DAC8C1 /* UserLoginViewController.swift in Sources */,
				F4889022281F937900669DB4 /* CategoryTableViewController.swift in Sources */,
			);
			runOnlyForDeploymentPostprocessing = 0;
		};
/* End PBXSourcesBuildPhase section */

/* Begin PBXVariantGroup section */
		F41A82832816CE6100E56AE5 /* Main.storyboard */ = {
			isa = PBXVariantGroup;
			children = (
				F41A82842816CE6100E56AE5 /* Base */,
			);
			name = Main.storyboard;
			sourceTree = "<group>";
		};
		F41A82882816CE6200E56AE5 /* LaunchScreen.storyboard */ = {
			isa = PBXVariantGroup;
			children = (
				F41A82892816CE6200E56AE5 /* Base */,
			);
			name = LaunchScreen.storyboard;
			sourceTree = "<group>";
		};
/* End PBXVariantGroup section */

/* Begin XCBuildConfiguration section */
		F41A828C2816CE6200E56AE5 /* Debug */ = {
			isa = XCBuildConfiguration;
			buildSettings = {
				ALWAYS_SEARCH_USER_PATHS = NO;
				CLANG_ANALYZER_NONNULL = YES;
				CLANG_ANALYZER_NUMBER_OBJECT_CONVERSION = YES_AGGRESSIVE;
				CLANG_CXX_LANGUAGE_STANDARD = "gnu++17";
				CLANG_CXX_LIBRARY = "libc++";
				CLANG_ENABLE_MODULES = YES;
				CLANG_ENABLE_OBJC_ARC = YES;
				CLANG_ENABLE_OBJC_WEAK = YES;
				CLANG_WARN_BLOCK_CAPTURE_AUTORELEASING = YES;
				CLANG_WARN_BOOL_CONVERSION = YES;
				CLANG_WARN_COMMA = YES;
				CLANG_WARN_CONSTANT_CONVERSION = YES;
				CLANG_WARN_DEPRECATED_OBJC_IMPLEMENTATIONS = YES;
				CLANG_WARN_DIRECT_OBJC_ISA_USAGE = YES_ERROR;
				CLANG_WARN_DOCUMENTATION_COMMENTS = YES;
				CLANG_WARN_EMPTY_BODY = YES;
				CLANG_WARN_ENUM_CONVERSION = YES;
				CLANG_WARN_INFINITE_RECURSION = YES;
				CLANG_WARN_INT_CONVERSION = YES;
				CLANG_WARN_NON_LITERAL_NULL_CONVERSION = YES;
				CLANG_WARN_OBJC_IMPLICIT_RETAIN_SELF = YES;
				CLANG_WARN_OBJC_LITERAL_CONVERSION = YES;
				CLANG_WARN_OBJC_ROOT_CLASS = YES_ERROR;
				CLANG_WARN_QUOTED_INCLUDE_IN_FRAMEWORK_HEADER = YES;
				CLANG_WARN_RANGE_LOOP_ANALYSIS = YES;
				CLANG_WARN_STRICT_PROTOTYPES = YES;
				CLANG_WARN_SUSPICIOUS_MOVE = YES;
				CLANG_WARN_UNGUARDED_AVAILABILITY = YES_AGGRESSIVE;
				CLANG_WARN_UNREACHABLE_CODE = YES;
				CLANG_WARN__DUPLICATE_METHOD_MATCH = YES;
				COPY_PHASE_STRIP = NO;
				DEBUG_INFORMATION_FORMAT = dwarf;
				ENABLE_STRICT_OBJC_MSGSEND = YES;
				ENABLE_TESTABILITY = YES;
				GCC_C_LANGUAGE_STANDARD = gnu11;
				GCC_DYNAMIC_NO_PIC = NO;
				GCC_NO_COMMON_BLOCKS = YES;
				GCC_OPTIMIZATION_LEVEL = 0;
				GCC_PREPROCESSOR_DEFINITIONS = (
					"DEBUG=1",
					"$(inherited)",
				);
				GCC_WARN_64_TO_32_BIT_CONVERSION = YES;
				GCC_WARN_ABOUT_RETURN_TYPE = YES_ERROR;
				GCC_WARN_UNDECLARED_SELECTOR = YES;
				GCC_WARN_UNINITIALIZED_AUTOS = YES_AGGRESSIVE;
				GCC_WARN_UNUSED_FUNCTION = YES;
				GCC_WARN_UNUSED_VARIABLE = YES;
				IPHONEOS_DEPLOYMENT_TARGET = 15.2;
				MTL_ENABLE_DEBUG_INFO = INCLUDE_SOURCE;
				MTL_FAST_MATH = YES;
				ONLY_ACTIVE_ARCH = YES;
				SDKROOT = iphoneos;
				SWIFT_ACTIVE_COMPILATION_CONDITIONS = DEBUG;
				SWIFT_OPTIMIZATION_LEVEL = "-Onone";
			};
			name = Debug;
		};
		F41A828D2816CE6200E56AE5 /* Release */ = {
			isa = XCBuildConfiguration;
			buildSettings = {
				ALWAYS_SEARCH_USER_PATHS = NO;
				CLANG_ANALYZER_NONNULL = YES;
				CLANG_ANALYZER_NUMBER_OBJECT_CONVERSION = YES_AGGRESSIVE;
				CLANG_CXX_LANGUAGE_STANDARD = "gnu++17";
				CLANG_CXX_LIBRARY = "libc++";
				CLANG_ENABLE_MODULES = YES;
				CLANG_ENABLE_OBJC_ARC = YES;
				CLANG_ENABLE_OBJC_WEAK = YES;
				CLANG_WARN_BLOCK_CAPTURE_AUTORELEASING = YES;
				CLANG_WARN_BOOL_CONVERSION = YES;
				CLANG_WARN_COMMA = YES;
				CLANG_WARN_CONSTANT_CONVERSION = YES;
				CLANG_WARN_DEPRECATED_OBJC_IMPLEMENTATIONS = YES;
				CLANG_WARN_DIRECT_OBJC_ISA_USAGE = YES_ERROR;
				CLANG_WARN_DOCUMENTATION_COMMENTS = YES;
				CLANG_WARN_EMPTY_BODY = YES;
				CLANG_WARN_ENUM_CONVERSION = YES;
				CLANG_WARN_INFINITE_RECURSION = YES;
				CLANG_WARN_INT_CONVERSION = YES;
				CLANG_WARN_NON_LITERAL_NULL_CONVERSION = YES;
				CLANG_WARN_OBJC_IMPLICIT_RETAIN_SELF = YES;
				CLANG_WARN_OBJC_LITERAL_CONVERSION = YES;
				CLANG_WARN_OBJC_ROOT_CLASS = YES_ERROR;
				CLANG_WARN_QUOTED_INCLUDE_IN_FRAMEWORK_HEADER = YES;
				CLANG_WARN_RANGE_LOOP_ANALYSIS = YES;
				CLANG_WARN_STRICT_PROTOTYPES = YES;
				CLANG_WARN_SUSPICIOUS_MOVE = YES;
				CLANG_WARN_UNGUARDED_AVAILABILITY = YES_AGGRESSIVE;
				CLANG_WARN_UNREACHABLE_CODE = YES;
				CLANG_WARN__DUPLICATE_METHOD_MATCH = YES;
				COPY_PHASE_STRIP = NO;
				DEBUG_INFORMATION_FORMAT = "dwarf-with-dsym";
				ENABLE_NS_ASSERTIONS = NO;
				ENABLE_STRICT_OBJC_MSGSEND = YES;
				GCC_C_LANGUAGE_STANDARD = gnu11;
				GCC_NO_COMMON_BLOCKS = YES;
				GCC_WARN_64_TO_32_BIT_CONVERSION = YES;
				GCC_WARN_ABOUT_RETURN_TYPE = YES_ERROR;
				GCC_WARN_UNDECLARED_SELECTOR = YES;
				GCC_WARN_UNINITIALIZED_AUTOS = YES_AGGRESSIVE;
				GCC_WARN_UNUSED_FUNCTION = YES;
				GCC_WARN_UNUSED_VARIABLE = YES;
				IPHONEOS_DEPLOYMENT_TARGET = 15.2;
				MTL_ENABLE_DEBUG_INFO = NO;
				MTL_FAST_MATH = YES;
				SDKROOT = iphoneos;
				SWIFT_COMPILATION_MODE = wholemodule;
				SWIFT_OPTIMIZATION_LEVEL = "-O";
				VALIDATE_PRODUCT = YES;
			};
			name = Release;
		};
		F41A828F2816CE6200E56AE5 /* Debug */ = {
			isa = XCBuildConfiguration;
			buildSettings = {
				ASSETCATALOG_COMPILER_APPICON_NAME = AppIcon;
				ASSETCATALOG_COMPILER_GLOBAL_ACCENT_COLOR_NAME = AccentColor;
				CLANG_ENABLE_MODULES = YES;
				CODE_SIGN_STYLE = Automatic;
				CURRENT_PROJECT_VERSION = 1;
				GENERATE_INFOPLIST_FILE = YES;
				INFOPLIST_FILE = BookOrder/Info.plist;
				INFOPLIST_KEY_UIApplicationSupportsIndirectInputEvents = YES;
				INFOPLIST_KEY_UILaunchStoryboardName = LaunchScreen;
				INFOPLIST_KEY_UIMainStoryboardFile = User;
				INFOPLIST_KEY_UISupportedInterfaceOrientations = UIInterfaceOrientationPortrait;
				INFOPLIST_KEY_UISupportedInterfaceOrientations_iPad = "UIInterfaceOrientationPortrait UIInterfaceOrientationPortraitUpsideDown UIInterfaceOrientationLandscapeLeft UIInterfaceOrientationLandscapeRight";
				INFOPLIST_KEY_UISupportedInterfaceOrientations_iPhone = "UIInterfaceOrientationPortrait UIInterfaceOrientationLandscapeLeft UIInterfaceOrientationLandscapeRight";
				LD_RUNPATH_SEARCH_PATHS = (
					"$(inherited)",
					"@executable_path/Frameworks",
				);
				MARKETING_VERSION = 1.0;
				PRODUCT_BUNDLE_IDENTIFIER = com.xyseer.BookOrder;
				PRODUCT_NAME = "$(TARGET_NAME)";
				SWIFT_EMIT_LOC_STRINGS = YES;
				SWIFT_OBJC_BRIDGING_HEADER = "BookOrder/BookOrder-Bridging-Header.h";
				SWIFT_OPTIMIZATION_LEVEL = "-Onone";
				SWIFT_VERSION = 5.0;
				TARGETED_DEVICE_FAMILY = "1,2";
			};
			name = Debug;
		};
		F41A82902816CE6200E56AE5 /* Release */ = {
			isa = XCBuildConfiguration;
			buildSettings = {
				ASSETCATALOG_COMPILER_APPICON_NAME = AppIcon;
				ASSETCATALOG_COMPILER_GLOBAL_ACCENT_COLOR_NAME = AccentColor;
				CLANG_ENABLE_MODULES = YES;
				CODE_SIGN_STYLE = Automatic;
				CURRENT_PROJECT_VERSION = 1;
				GENERATE_INFOPLIST_FILE = YES;
				INFOPLIST_FILE = BookOrder/Info.plist;
				INFOPLIST_KEY_UIApplicationSupportsIndirectInputEvents = YES;
				INFOPLIST_KEY_UILaunchStoryboardName = LaunchScreen;
				INFOPLIST_KEY_UIMainStoryboardFile = User;
				INFOPLIST_KEY_UISupportedInterfaceOrientations = UIInterfaceOrientationPortrait;
				INFOPLIST_KEY_UISupportedInterfaceOrientations_iPad = "UIInterfaceOrientationPortrait UIInterfaceOrientationPortraitUpsideDown UIInterfaceOrientationLandscapeLeft UIInterfaceOrientationLandscapeRight";
				INFOPLIST_KEY_UISupportedInterfaceOrientations_iPhone = "UIInterfaceOrientationPortrait UIInterfaceOrientationLandscapeLeft UIInterfaceOrientationLandscapeRight";
				LD_RUNPATH_SEARCH_PATHS = (
					"$(inherited)",
					"@executable_path/Frameworks",
				);
				MARKETING_VERSION = 1.0;
				PRODUCT_BUNDLE_IDENTIFIER = com.xyseer.BookOrder;
				PRODUCT_NAME = "$(TARGET_NAME)";
				SWIFT_EMIT_LOC_STRINGS = YES;
				SWIFT_OBJC_BRIDGING_HEADER = "BookOrder/BookOrder-Bridging-Header.h";
				SWIFT_VERSION = 5.0;
				TARGETED_DEVICE_FAMILY = "1,2";
			};
			name = Release;
		};
/* End XCBuildConfiguration section */

/* Begin XCConfigurationList section */
		F41A82752816CE6100E56AE5 /* Build configuration list for PBXProject "BookOrder" */ = {
			isa = XCConfigurationList;
			buildConfigurations = (
				F41A828C2816CE6200E56AE5 /* Debug */,
				F41A828D2816CE6200E56AE5 /* Release */,
			);
			defaultConfigurationIsVisible = 0;
			defaultConfigurationName = Release;
		};
		F41A828E2816CE6200E56AE5 /* Build configuration list for PBXNativeTarget "BookOrder" */ = {
			isa = XCConfigurationList;
			buildConfigurations = (
				F41A828F2816CE6200E56AE5 /* Debug */,
				F41A82902816CE6200E56AE5 /* Release */,
			);
			defaultConfigurationIsVisible = 0;
			defaultConfigurationName = Release;
		};
/* End XCConfigurationList section */
	};
	rootObject = F41A82722816CE6100E56AE5 /* Project object */;
}
